
Microsoft Visual Studio Solution File, Format Version 12.00
Project("{FAE04EC0-301F-11D3-BF4B-00C04F79EFBC}") = "WebStoreMVC.Api", "WebStoreMVC.Api\WebStoreMVC.Api.csproj", "{1F83E04A-8AD6-4479-B2D5-46E666CBF266}"
EndProject
Project("{FAE04EC0-301F-11D3-BF4B-00C04F79EFBC}") = "WebStoreMVC.DAL", "WebStoreMVC.DAL\WebStoreMVC.DAL.csproj", "{EB0A1D6A-4D54-4F95-91BD-0F5F355D2544}"
EndProject
Project("{FAE04EC0-301F-11D3-BF4B-00C04F79EFBC}") = "WebStoreMVC.Domain", "WebStoreMVC.Domain\WebStoreMVC.Domain.csproj", "{E3EAFD6D-9179-42D7-A33E-5E800985156D}"
EndProject
Project("{2150E333-8FDC-42A3-9474-1A3956D46DE8}") = "Core", "Core", "{2A4F691E-2945-44E4-8C75-DBAE07E6C012}"
EndProject
Project("{2150E333-8FDC-42A3-9474-1A3956D46DE8}") = "Infrastructure", "Infrastructure", "{1323D678-E0FC-4888-ACE1-F856C674C2C4}"
EndProject
Project("{2150E333-8FDC-42A3-9474-1A3956D46DE8}") = "Presentation", "Presentation", "{87FB5AB6-8DE6-4BFD-972C-3C0028B1BB0E}"
EndProject
Project("{FAE04EC0-301F-11D3-BF4B-00C04F79EFBC}") = "WebStoreMVC.Application", "WebStoreMVC.Application\WebStoreMVC.Application.csproj", "{2F48843E-36E3-4667-B4C8-8127A58F445E}"
EndProject
Project("{FAE04EC0-301F-11D3-BF4B-00C04F79EFBC}") = "WebStoreMVC.Api.Tests", "WebStoreMVC.Api.Tests\WebStoreMVC.Api.Tests.csproj", "{01A232F2-8484-4B7C-A14A-DFE8A088E1BC}"
EndProject
Project("{2150E333-8FDC-42A3-9474-1A3956D46DE8}") = "Tests", "Tests", "{176B93F3-4765-4429-9786-B69DDD976514}"
EndProject
Project("{FAE04EC0-301F-11D3-BF4B-00C04F79EFBC}") = "WebStoreMVC.Application.Tests", "WebStoreMVC.Application.Tests\WebStoreMVC.Application.Tests.csproj", "{3438DFF4-E621-4ABC-B5CC-BCB5885482D8}"
EndProject
Project("{2150E333-8FDC-42A3-9474-1A3956D46DE8}") = "Solution Items", "Solution Items", "{726E35B4-D895-4F4A-B2B8-AC134E14F12A}"
	ProjectSection(SolutionItems) = preProject
		docker-compose.yml = docker-compose.yml
	EndProjectSection
EndProject
Global
	GlobalSection(SolutionConfigurationPlatforms) = preSolution
		Debug|Any CPU = Debug|Any CPU
		Release|Any CPU = Release|Any CPU
	EndGlobalSection
	GlobalSection(ProjectConfigurationPlatforms) = postSolution
		{1F83E04A-8AD6-4479-B2D5-46E666CBF266}.Debug|Any CPU.ActiveCfg = Debug|Any CPU
		{1F83E04A-8AD6-4479-B2D5-46E666CBF266}.Debug|Any CPU.Build.0 = Debug|Any CPU
		{1F83E04A-8AD6-4479-B2D5-46E666CBF266}.Release|Any CPU.ActiveCfg = Release|Any CPU
		{1F83E04A-8AD6-4479-B2D5-46E666CBF266}.Release|Any CPU.Build.0 = Release|Any CPU
		{EB0A1D6A-4D54-4F95-91BD-0F5F355D2544}.Debug|Any CPU.ActiveCfg = Debug|Any CPU
		{EB0A1D6A-4D54-4F95-91BD-0F5F355D2544}.Debug|Any CPU.Build.0 = Debug|Any CPU
		{EB0A1D6A-4D54-4F95-91BD-0F5F355D2544}.Release|Any CPU.ActiveCfg = Release|Any CPU
		{EB0A1D6A-4D54-4F95-91BD-0F5F355D2544}.Release|Any CPU.Build.0 = Release|Any CPU
		{E3EAFD6D-9179-42D7-A33E-5E800985156D}.Debug|Any CPU.ActiveCfg = Debug|Any CPU
		{E3EAFD6D-9179-42D7-A33E-5E800985156D}.Debug|Any CPU.Build.0 = Debug|Any CPU
		{E3EAFD6D-9179-42D7-A33E-5E800985156D}.Release|Any CPU.ActiveCfg = Release|Any CPU
		{E3EAFD6D-9179-42D7-A33E-5E800985156D}.Release|Any CPU.Build.0 = Release|Any CPU
		{2F48843E-36E3-4667-B4C8-8127A58F445E}.Debug|Any CPU.ActiveCfg = Debug|Any CPU
		{2F48843E-36E3-4667-B4C8-8127A58F445E}.Debug|Any CPU.Build.0 = Debug|Any CPU
		{2F48843E-36E3-4667-B4C8-8127A58F445E}.Release|Any CPU.ActiveCfg = Release|Any CPU
		{2F48843E-36E3-4667-B4C8-8127A58F445E}.Release|Any CPU.Build.0 = Release|Any CPU
		{01A232F2-8484-4B7C-A14A-DFE8A088E1BC}.Debug|Any CPU.ActiveCfg = Debug|Any CPU
		{01A232F2-8484-4B7C-A14A-DFE8A088E1BC}.Debug|Any CPU.Build.0 = Debug|Any CPU
		{01A232F2-8484-4B7C-A14A-DFE8A088E1BC}.Release|Any CPU.ActiveCfg = Release|Any CPU
		{01A232F2-8484-4B7C-A14A-DFE8A088E1BC}.Release|Any CPU.Build.0 = Release|Any CPU
		{3438DFF4-E621-4ABC-B5CC-BCB5885482D8}.Debug|Any CPU.ActiveCfg = Debug|Any CPU
		{3438DFF4-E621-4ABC-B5CC-BCB5885482D8}.Debug|Any CPU.Build.0 = Debug|Any CPU
		{3438DFF4-E621-4ABC-B5CC-BCB5885482D8}.Release|Any CPU.ActiveCfg = Release|Any CPU
		{3438DFF4-E621-4ABC-B5CC-BCB5885482D8}.Release|Any CPU.Build.0 = Release|Any CPU
	EndGlobalSection
	GlobalSection(NestedProjects) = preSolution
		{1F83E04A-8AD6-4479-B2D5-46E666CBF266} = {87FB5AB6-8DE6-4BFD-972C-3C0028B1BB0E}
		{EB0A1D6A-4D54-4F95-91BD-0F5F355D2544} = {1323D678-E0FC-4888-ACE1-F856C674C2C4}
		{E3EAFD6D-9179-42D7-A33E-5E800985156D} = {2A4F691E-2945-44E4-8C75-DBAE07E6C012}
		{2F48843E-36E3-4667-B4C8-8127A58F445E} = {2A4F691E-2945-44E4-8C75-DBAE07E6C012}
		{01A232F2-8484-4B7C-A14A-DFE8A088E1BC} = {176B93F3-4765-4429-9786-B69DDD976514}
		{3438DFF4-E621-4ABC-B5CC-BCB5885482D8} = {176B93F3-4765-4429-9786-B69DDD976514}
	EndGlobalSection
EndGlobal
